
Microsoft Visual Studio Solution File, Format Version 12.00
# Visual Studio Version 17
VisualStudioVersion = 17.8.34330.188
MinimumVisualStudioVersion = 10.0.40219.1
Project("{FAE04EC0-301F-11D3-BF4B-00C04F79EFBC}") = "Lab4", "..\Lab4\Lab4.csproj", "{5E46DD78-2663-4E3C-BC9A-F2A48A532A38}"
EndProject
Project("{9A19103F-16F7-4668-BE54-9A1E7A4F7556}") = "Lab4.Tests", "Lab4.Tests.csproj", "{7A29FA63-4F94-4B28-AE83-137E820AD201}"
EndProject
Global
	GlobalSection(SolutionConfigurationPlatforms) = preSolution
		Debug|Any CPU = Debug|Any CPU
		Debug|x64 = Debug|x64
		Release|Any CPU = Release|Any CPU
		Release|x64 = Release|x64
	EndGlobalSection
	GlobalSection(ProjectConfigurationPlatforms) = postSolution
		{5E46DD78-2663-4E3C-BC9A-F2A48A532A38}.Debug|Any CPU.ActiveCfg = Debug|Any CPU
		{5E46DD78-2663-4E3C-BC9A-F2A48A532A38}.Debug|Any CPU.Build.0 = Debug|Any CPU
		{5E46DD78-2663-4E3C-BC9A-F2A48A532A38}.Debug|x64.ActiveCfg = Debug|Any CPU
		{5E46DD78-2663-4E3C-BC9A-F2A48A532A38}.Debug|x64.Build.0 = Debug|Any CPU
		{5E46DD78-2663-4E3C-BC9A-F2A48A532A38}.Release|Any CPU.ActiveCfg = Release|Any CPU
		{5E46DD78-2663-4E3C-BC9A-F2A48A532A38}.Release|Any CPU.Build.0 = Release|Any CPU
		{5E46DD78-2663-4E3C-BC9A-F2A48A532A38}.Release|x64.ActiveCfg = Release|Any CPU
		{5E46DD78-2663-4E3C-BC9A-F2A48A532A38}.Release|x64.Build.0 = Release|Any CPU
		{7A29FA63-4F94-4B28-AE83-137E820AD201}.Debug|Any CPU.ActiveCfg = Debug|Any CPU
		{7A29FA63-4F94-4B28-AE83-137E820AD201}.Debug|Any CPU.Build.0 = Debug|Any CPU
		{7A29FA63-4F94-4B28-AE83-137E820AD201}.Debug|x64.ActiveCfg = Debug|Any CPU
		{7A29FA63-4F94-4B28-AE83-137E820AD201}.Debug|x64.Build.0 = Debug|Any CPU
		{7A29FA63-4F94-4B28-AE83-137E820AD201}.Release|Any CPU.ActiveCfg = Release|Any CPU
		{7A29FA63-4F94-4B28-AE83-137E820AD201}.Release|Any CPU.Build.0 = Release|Any CPU
		{7A29FA63-4F94-4B28-AE83-137E820AD201}.Release|x64.ActiveCfg = Release|Any CPU
		{7A29FA63-4F94-4B28-AE83-137E820AD201}.Release|x64.Build.0 = Release|Any CPU
	EndGlobalSection
	GlobalSection(SolutionProperties) = preSolution
		HideSolutionNode = FALSE
	EndGlobalSection
	GlobalSection(ExtensibilityGlobals) = postSolution
		SolutionGuid = {FBFEF3E6-3EC7-49ED-82DF-8F38A8E7C30E}
	EndGlobalSection
EndGlobal
