
Microsoft Visual Studio Solution File, Format Version 12.00
# Visual Studio Version 17
VisualStudioVersion = 17.8.34330.188
MinimumVisualStudioVersion = 10.0.40219.1
Project("{FAE04EC0-301F-11D3-BF4B-00C04F79EFBC}") = "Lab5", "..\Lab5\Lab5.csproj", "{8A334176-54C9-450E-91F3-4CE310495914}"
EndProject
Project("{9A19103F-16F7-4668-BE54-9A1E7A4F7556}") = "Lab5.Tests", "Lab5.Tests.csproj", "{F70B1825-5AB9-4459-B3EB-4AAB6281D386}"
EndProject
Global
	GlobalSection(SolutionConfigurationPlatforms) = preSolution
		Debug|Any CPU = Debug|Any CPU
		Debug|x64 = Debug|x64
		Release|Any CPU = Release|Any CPU
		Release|x64 = Release|x64
	EndGlobalSection
	GlobalSection(ProjectConfigurationPlatforms) = postSolution
		{8A334176-54C9-450E-91F3-4CE310495914}.Debug|Any CPU.ActiveCfg = Debug|Any CPU
		{8A334176-54C9-450E-91F3-4CE310495914}.Debug|Any CPU.Build.0 = Debug|Any CPU
		{8A334176-54C9-450E-91F3-4CE310495914}.Debug|x64.ActiveCfg = Debug|x64
		{8A334176-54C9-450E-91F3-4CE310495914}.Debug|x64.Build.0 = Debug|x64
		{8A334176-54C9-450E-91F3-4CE310495914}.Release|Any CPU.ActiveCfg = Release|Any CPU
		{8A334176-54C9-450E-91F3-4CE310495914}.Release|Any CPU.Build.0 = Release|Any CPU
		{8A334176-54C9-450E-91F3-4CE310495914}.Release|x64.ActiveCfg = Release|Any CPU
		{8A334176-54C9-450E-91F3-4CE310495914}.Release|x64.Build.0 = Release|Any CPU
		{F70B1825-5AB9-4459-B3EB-4AAB6281D386}.Debug|Any CPU.ActiveCfg = Debug|Any CPU
		{F70B1825-5AB9-4459-B3EB-4AAB6281D386}.Debug|Any CPU.Build.0 = Debug|Any CPU
		{F70B1825-5AB9-4459-B3EB-4AAB6281D386}.Debug|x64.ActiveCfg = Debug|Any CPU
		{F70B1825-5AB9-4459-B3EB-4AAB6281D386}.Debug|x64.Build.0 = Debug|Any CPU
		{F70B1825-5AB9-4459-B3EB-4AAB6281D386}.Release|Any CPU.ActiveCfg = Release|Any CPU
		{F70B1825-5AB9-4459-B3EB-4AAB6281D386}.Release|Any CPU.Build.0 = Release|Any CPU
		{F70B1825-5AB9-4459-B3EB-4AAB6281D386}.Release|x64.ActiveCfg = Release|Any CPU
		{F70B1825-5AB9-4459-B3EB-4AAB6281D386}.Release|x64.Build.0 = Release|Any CPU
	EndGlobalSection
	GlobalSection(SolutionProperties) = preSolution
		HideSolutionNode = FALSE
	EndGlobalSection
	GlobalSection(ExtensibilityGlobals) = postSolution
		SolutionGuid = {FBFEF3E6-3EC7-49ED-82DF-8F38A8E7C30E}
	EndGlobalSection
EndGlobal
