
Microsoft Visual Studio Solution File, Format Version 12.00
# Visual Studio Version 17
VisualStudioVersion = 17.8.34330.188
MinimumVisualStudioVersion = 10.0.40219.1
Project("{FAE04EC0-301F-11D3-BF4B-00C04F79EFBC}") = "Lab5", "Lab5.csproj", "{8A334176-54C9-450E-91F3-4CE310495914}"
EndProject
Global
	GlobalSection(SolutionConfigurationPlatforms) = preSolution
		Debug|Any CPU = Debug|Any CPU
		Release|Any CPU = Release|Any CPU
	EndGlobalSection
	GlobalSection(ProjectConfigurationPlatforms) = postSolution
		{8A334176-54C9-450E-91F3-4CE310495914}.Debug|Any CPU.ActiveCfg = Debug|Any CPU
		{8A334176-54C9-450E-91F3-4CE310495914}.Debug|Any CPU.Build.0 = Debug|Any CPU
		{8A334176-54C9-450E-91F3-4CE310495914}.Release|Any CPU.ActiveCfg = Release|Any CPU
		{8A334176-54C9-450E-91F3-4CE310495914}.Release|Any CPU.Build.0 = Release|Any CPU
	EndGlobalSection
	GlobalSection(SolutionProperties) = preSolution
		HideSolutionNode = FALSE
	EndGlobalSection
	GlobalSection(ExtensibilityGlobals) = postSolution
		SolutionGuid = {2C2E73FC-FE56-4CE5-9C77-248F1E025F39}
	EndGlobalSection
EndGlobal
